
Microsoft Visual Studio Solution File, Format Version 12.00
# Visual Studio Version 17
VisualStudioVersion = 17.0.31903.59
MinimumVisualStudioVersion = 10.0.40219.1
Project("{2150E333-8FDC-42A3-9474-1A3956D46DE8}") = "src", "src", "{827E0CD3-B72D-47B6-A68D-7590B98EB39B}"
EndProject
Project("{FAE04EC0-301F-11D3-BF4B-00C04F79EFBC}") = "NovacareERP.Domain", "src\NovacareERP.Domain\NovacareERP.Domain.csproj", "{3C4DE4CB-829B-4496-B425-4938FADBC4A9}"
EndProject
Project("{FAE04EC0-301F-11D3-BF4B-00C04F79EFBC}") = "NovacareERP.Application", "src\NovacareERP.Application\NovacareERP.Application.csproj", "{20CF1B7F-337E-447A-A88B-ABF3C11E3A42}"
EndProject
Project("{FAE04EC0-301F-11D3-BF4B-00C04F79EFBC}") = "NovacareERP.Infrastructure", "src\NovacareERP.Infrastructure\NovacareERP.Infrastructure.csproj", "{409E3766-A4A9-42D4-AC4D-4ABC7B8BF93B}"
EndProject
Project("{FAE04EC0-301F-11D3-BF4B-00C04F79EFBC}") = "NovacareERP.Api", "src\NovacareERP.Api\NovacareERP.Api.csproj", "{833A8962-02A4-462B-9A1B-AA721370DF11}"
EndProject
Project("{FAE04EC0-301F-11D3-BF4B-00C04F79EFBC}") = "NovacareERP.Web", "src\NovacareERP.Web\NovacareERP.Web.csproj", "{BB9ECDC8-3E59-4916-B27F-9615F48823E7}"
EndProject
Project("{2150E333-8FDC-42A3-9474-1A3956D46DE8}") = "tests", "tests", "{0AB3BF05-4346-4AA6-1389-037BE0695223}"
EndProject
Project("{FAE04EC0-301F-11D3-BF4B-00C04F79EFBC}") = "NovacareERP.UnitTests", "tests\NovacareERP.UnitTests\NovacareERP.UnitTests.csproj", "{E68ED297-355E-4BB9-AE0F-F87739D31D21}"
EndProject
Global
	GlobalSection(SolutionConfigurationPlatforms) = preSolution
		Debug|Any CPU = Debug|Any CPU
		Debug|x64 = Debug|x64
		Debug|x86 = Debug|x86
		Release|Any CPU = Release|Any CPU
		Release|x64 = Release|x64
		Release|x86 = Release|x86
	EndGlobalSection
	GlobalSection(ProjectConfigurationPlatforms) = postSolution
		{3C4DE4CB-829B-4496-B425-4938FADBC4A9}.Debug|Any CPU.ActiveCfg = Debug|Any CPU
		{3C4DE4CB-829B-4496-B425-4938FADBC4A9}.Debug|Any CPU.Build.0 = Debug|Any CPU
		{3C4DE4CB-829B-4496-B425-4938FADBC4A9}.Debug|x64.ActiveCfg = Debug|Any CPU
		{3C4DE4CB-829B-4496-B425-4938FADBC4A9}.Debug|x64.Build.0 = Debug|Any CPU
		{3C4DE4CB-829B-4496-B425-4938FADBC4A9}.Debug|x86.ActiveCfg = Debug|Any CPU
		{3C4DE4CB-829B-4496-B425-4938FADBC4A9}.Debug|x86.Build.0 = Debug|Any CPU
		{3C4DE4CB-829B-4496-B425-4938FADBC4A9}.Release|Any CPU.ActiveCfg = Release|Any CPU
		{3C4DE4CB-829B-4496-B425-4938FADBC4A9}.Release|Any CPU.Build.0 = Release|Any CPU
		{3C4DE4CB-829B-4496-B425-4938FADBC4A9}.Release|x64.ActiveCfg = Release|Any CPU
		{3C4DE4CB-829B-4496-B425-4938FADBC4A9}.Release|x64.Build.0 = Release|Any CPU
		{3C4DE4CB-829B-4496-B425-4938FADBC4A9}.Release|x86.ActiveCfg = Release|Any CPU
		{3C4DE4CB-829B-4496-B425-4938FADBC4A9}.Release|x86.Build.0 = Release|Any CPU
		{20CF1B7F-337E-447A-A88B-ABF3C11E3A42}.Debug|Any CPU.ActiveCfg = Debug|Any CPU
		{20CF1B7F-337E-447A-A88B-ABF3C11E3A42}.Debug|Any CPU.Build.0 = Debug|Any CPU
		{20CF1B7F-337E-447A-A88B-ABF3C11E3A42}.Debug|x64.ActiveCfg = Debug|Any CPU
		{20CF1B7F-337E-447A-A88B-ABF3C11E3A42}.Debug|x64.Build.0 = Debug|Any CPU
		{20CF1B7F-337E-447A-A88B-ABF3C11E3A42}.Debug|x86.ActiveCfg = Debug|Any CPU
		{20CF1B7F-337E-447A-A88B-ABF3C11E3A42}.Debug|x86.Build.0 = Debug|Any CPU
		{20CF1B7F-337E-447A-A88B-ABF3C11E3A42}.Release|Any CPU.ActiveCfg = Release|Any CPU
		{20CF1B7F-337E-447A-A88B-ABF3C11E3A42}.Release|Any CPU.Build.0 = Release|Any CPU
		{20CF1B7F-337E-447A-A88B-ABF3C11E3A42}.Release|x64.ActiveCfg = Release|Any CPU
		{20CF1B7F-337E-447A-A88B-ABF3C11E3A42}.Release|x64.Build.0 = Release|Any CPU
		{20CF1B7F-337E-447A-A88B-ABF3C11E3A42}.Release|x86.ActiveCfg = Release|Any CPU
		{20CF1B7F-337E-447A-A88B-ABF3C11E3A42}.Release|x86.Build.0 = Release|Any CPU
		{409E3766-A4A9-42D4-AC4D-4ABC7B8BF93B}.Debug|Any CPU.ActiveCfg = Debug|Any CPU
		{409E3766-A4A9-42D4-AC4D-4ABC7B8BF93B}.Debug|Any CPU.Build.0 = Debug|Any CPU
		{409E3766-A4A9-42D4-AC4D-4ABC7B8BF93B}.Debug|x64.ActiveCfg = Debug|Any CPU
		{409E3766-A4A9-42D4-AC4D-4ABC7B8BF93B}.Debug|x64.Build.0 = Debug|Any CPU
		{409E3766-A4A9-42D4-AC4D-4ABC7B8BF93B}.Debug|x86.ActiveCfg = Debug|Any CPU
		{409E3766-A4A9-42D4-AC4D-4ABC7B8BF93B}.Debug|x86.Build.0 = Debug|Any CPU
		{409E3766-A4A9-42D4-AC4D-4ABC7B8BF93B}.Release|Any CPU.ActiveCfg = Release|Any CPU
		{409E3766-A4A9-42D4-AC4D-4ABC7B8BF93B}.Release|Any CPU.Build.0 = Release|Any CPU
		{409E3766-A4A9-42D4-AC4D-4ABC7B8BF93B}.Release|x64.ActiveCfg = Release|Any CPU
		{409E3766-A4A9-42D4-AC4D-4ABC7B8BF93B}.Release|x64.Build.0 = Release|Any CPU
		{409E3766-A4A9-42D4-AC4D-4ABC7B8BF93B}.Release|x86.ActiveCfg = Release|Any CPU
		{409E3766-A4A9-42D4-AC4D-4ABC7B8BF93B}.Release|x86.Build.0 = Release|Any CPU
		{833A8962-02A4-462B-9A1B-AA721370DF11}.Debug|Any CPU.ActiveCfg = Debug|Any CPU
		{833A8962-02A4-462B-9A1B-AA721370DF11}.Debug|Any CPU.Build.0 = Debug|Any CPU
		{833A8962-02A4-462B-9A1B-AA721370DF11}.Debug|x64.ActiveCfg = Debug|Any CPU
		{833A8962-02A4-462B-9A1B-AA721370DF11}.Debug|x64.Build.0 = Debug|Any CPU
		{833A8962-02A4-462B-9A1B-AA721370DF11}.Debug|x86.ActiveCfg = Debug|Any CPU
		{833A8962-02A4-462B-9A1B-AA721370DF11}.Debug|x86.Build.0 = Debug|Any CPU
		{833A8962-02A4-462B-9A1B-AA721370DF11}.Release|Any CPU.ActiveCfg = Release|Any CPU
		{833A8962-02A4-462B-9A1B-AA721370DF11}.Release|Any CPU.Build.0 = Release|Any CPU
		{833A8962-02A4-462B-9A1B-AA721370DF11}.Release|x64.ActiveCfg = Release|Any CPU
		{833A8962-02A4-462B-9A1B-AA721370DF11}.Release|x64.Build.0 = Release|Any CPU
		{833A8962-02A4-462B-9A1B-AA721370DF11}.Release|x86.ActiveCfg = Release|Any CPU
		{833A8962-02A4-462B-9A1B-AA721370DF11}.Release|x86.Build.0 = Release|Any CPU
		{BB9ECDC8-3E59-4916-B27F-9615F48823E7}.Debug|Any CPU.ActiveCfg = Debug|Any CPU
		{BB9ECDC8-3E59-4916-B27F-9615F48823E7}.Debug|Any CPU.Build.0 = Debug|Any CPU
		{BB9ECDC8-3E59-4916-B27F-9615F48823E7}.Debug|x64.ActiveCfg = Debug|Any CPU
		{BB9ECDC8-3E59-4916-B27F-9615F48823E7}.Debug|x64.Build.0 = Debug|Any CPU
		{BB9ECDC8-3E59-4916-B27F-9615F48823E7}.Debug|x86.ActiveCfg = Debug|Any CPU
		{BB9ECDC8-3E59-4916-B27F-9615F48823E7}.Debug|x86.Build.0 = Debug|Any CPU
		{BB9ECDC8-3E59-4916-B27F-9615F48823E7}.Release|Any CPU.ActiveCfg = Release|Any CPU
		{BB9ECDC8-3E59-4916-B27F-9615F48823E7}.Release|Any CPU.Build.0 = Release|Any CPU
		{BB9ECDC8-3E59-4916-B27F-9615F48823E7}.Release|x64.ActiveCfg = Release|Any CPU
		{BB9ECDC8-3E59-4916-B27F-9615F48823E7}.Release|x64.Build.0 = Release|Any CPU
		{BB9ECDC8-3E59-4916-B27F-9615F48823E7}.Release|x86.ActiveCfg = Release|Any CPU
		{BB9ECDC8-3E59-4916-B27F-9615F48823E7}.Release|x86.Build.0 = Release|Any CPU
		{E68ED297-355E-4BB9-AE0F-F87739D31D21}.Debug|Any CPU.ActiveCfg = Debug|Any CPU
		{E68ED297-355E-4BB9-AE0F-F87739D31D21}.Debug|Any CPU.Build.0 = Debug|Any CPU
		{E68ED297-355E-4BB9-AE0F-F87739D31D21}.Debug|x64.ActiveCfg = Debug|Any CPU
		{E68ED297-355E-4BB9-AE0F-F87739D31D21}.Debug|x64.Build.0 = Debug|Any CPU
		{E68ED297-355E-4BB9-AE0F-F87739D31D21}.Debug|x86.ActiveCfg = Debug|Any CPU
		{E68ED297-355E-4BB9-AE0F-F87739D31D21}.Debug|x86.Build.0 = Debug|Any CPU
		{E68ED297-355E-4BB9-AE0F-F87739D31D21}.Release|Any CPU.ActiveCfg = Release|Any CPU
		{E68ED297-355E-4BB9-AE0F-F87739D31D21}.Release|Any CPU.Build.0 = Release|Any CPU
		{E68ED297-355E-4BB9-AE0F-F87739D31D21}.Release|x64.ActiveCfg = Release|Any CPU
		{E68ED297-355E-4BB9-AE0F-F87739D31D21}.Release|x64.Build.0 = Release|Any CPU
		{E68ED297-355E-4BB9-AE0F-F87739D31D21}.Release|x86.ActiveCfg = Release|Any CPU
		{E68ED297-355E-4BB9-AE0F-F87739D31D21}.Release|x86.Build.0 = Release|Any CPU
	EndGlobalSection
	GlobalSection(SolutionProperties) = preSolution
		HideSolutionNode = FALSE
	EndGlobalSection
	GlobalSection(NestedProjects) = preSolution
		{3C4DE4CB-829B-4496-B425-4938FADBC4A9} = {827E0CD3-B72D-47B6-A68D-7590B98EB39B}
		{20CF1B7F-337E-447A-A88B-ABF3C11E3A42} = {827E0CD3-B72D-47B6-A68D-7590B98EB39B}
		{409E3766-A4A9-42D4-AC4D-4ABC7B8BF93B} = {827E0CD3-B72D-47B6-A68D-7590B98EB39B}
		{833A8962-02A4-462B-9A1B-AA721370DF11} = {827E0CD3-B72D-47B6-A68D-7590B98EB39B}
		{BB9ECDC8-3E59-4916-B27F-9615F48823E7} = {827E0CD3-B72D-47B6-A68D-7590B98EB39B}
		{E68ED297-355E-4BB9-AE0F-F87739D31D21} = {0AB3BF05-4346-4AA6-1389-037BE0695223}
	EndGlobalSection
EndGlobal
